
Microsoft Visual Studio Solution File, Format Version 12.00
# Visual Studio Version 17
VisualStudioVersion = 17.2.32526.322
MinimumVisualStudioVersion = 10.0.40219.1
Project("{FAE04EC0-301F-11D3-BF4B-00C04F79EFBC}") = "DSA", "DSA.csproj", "{AEEB85FF-55A6-4964-8CD2-7E06710D719B}"
EndProject
Global
	GlobalSection(SolutionConfigurationPlatforms) = preSolution
		Debug|Any CPU = Debug|Any CPU
		Release|Any CPU = Release|Any CPU
	EndGlobalSection
	GlobalSection(ProjectConfigurationPlatforms) = postSolution
		{AEEB85FF-55A6-4964-8CD2-7E06710D719B}.Debug|Any CPU.ActiveCfg = Debug|Any CPU
		{AEEB85FF-55A6-4964-8CD2-7E06710D719B}.Debug|Any CPU.Build.0 = Debug|Any CPU
		{AEEB85FF-55A6-4964-8CD2-7E06710D719B}.Release|Any CPU.ActiveCfg = Release|Any CPU
		{AEEB85FF-55A6-4964-8CD2-7E06710D719B}.Release|Any CPU.Build.0 = Release|Any CPU
	EndGlobalSection
	GlobalSection(SolutionProperties) = preSolution
		HideSolutionNode = FALSE
	EndGlobalSection
	GlobalSection(ExtensibilityGlobals) = postSolution
		SolutionGuid = {BED53F54-45CF-47B6-A89C-CFAFA7E997C1}
	EndGlobalSection
EndGlobal
